
Microsoft Visual Studio Solution File, Format Version 12.00
# Visual Studio Version 17
VisualStudioVersion = 17.6.33723.286
MinimumVisualStudioVersion = 10.0.40219.1
Project("{9A19103F-16F7-4668-BE54-9A1E7A4F7556}") = "ErebusLauncher", "ErebusLauncher\ErebusLauncher.csproj", "{502D166C-3309-48AD-9EDC-6D08C993BF7C}"
EndProject
Project("{2150E333-8FDC-42A3-9474-1A3956D46DE8}") = "Classes", "Classes", "{CE8628AD-B5D6-489E-B147-E52342F3EFCD}"
EndProject
Global
	GlobalSection(SolutionConfigurationPlatforms) = preSolution
		Debug|Any CPU = Debug|Any CPU
		Debug|x64 = Debug|x64
		Release|Any CPU = Release|Any CPU
		Release|x64 = Release|x64
	EndGlobalSection
	GlobalSection(ProjectConfigurationPlatforms) = postSolution
		{502D166C-3309-48AD-9EDC-6D08C993BF7C}.Debug|Any CPU.ActiveCfg = Debug|Any CPU
		{502D166C-3309-48AD-9EDC-6D08C993BF7C}.Debug|Any CPU.Build.0 = Debug|Any CPU
		{502D166C-3309-48AD-9EDC-6D08C993BF7C}.Debug|x64.ActiveCfg = Debug|x64
		{502D166C-3309-48AD-9EDC-6D08C993BF7C}.Debug|x64.Build.0 = Debug|x64
		{502D166C-3309-48AD-9EDC-6D08C993BF7C}.Release|Any CPU.ActiveCfg = Release|Any CPU
		{502D166C-3309-48AD-9EDC-6D08C993BF7C}.Release|Any CPU.Build.0 = Release|Any CPU
		{502D166C-3309-48AD-9EDC-6D08C993BF7C}.Release|x64.ActiveCfg = Release|x64
		{502D166C-3309-48AD-9EDC-6D08C993BF7C}.Release|x64.Build.0 = Release|x64
	EndGlobalSection
	GlobalSection(SolutionProperties) = preSolution
		HideSolutionNode = FALSE
	EndGlobalSection
	GlobalSection(ExtensibilityGlobals) = postSolution
		SolutionGuid = {EB9D7EEC-1F30-4E87-9321-6E44CF527C2F}
	EndGlobalSection
EndGlobal
